PODS:
  - Nimble (5.1.1)
  - OHHTTPStubs (5.2.3):
    - OHHTTPStubs/Default (= 5.2.3)
  - OHHTTPStubs/Core (5.2.3)
  - OHHTTPStubs/Default (5.2.3):
    - OHHTTPStubs/Core
    - OHHTTPStubs/JSON
    - OHHTTPStubs/NSURLSession
    - OHHTTPStubs/OHPathHelpers
  - OHHTTPStubs/JSON (5.2.3):
    - OHHTTPStubs/Core
  - OHHTTPStubs/NSURLSession (5.2.3):
    - OHHTTPStubs/Core
  - OHHTTPStubs/OHPathHelpers (5.2.3)
  - OHHTTPStubs/Swift (5.2.3):
    - OHHTTPStubs/Core
  - Quick (1.0.0)
  - reddift (2.0.0):
    - reddift/MiniKeychain (= 2.0.0)
  - reddift/MiniKeychain (2.0.0)
  - RxBlocking (3.0.1):
    - RxSwift (~> 3.0)
  - RxCocoa (3.0.1):
    - RxSwift (~> 3.0)
  - RxSwift (3.0.1)
  - RxTest (3.0.1):
    - RxSwift (~> 3.0)

DEPENDENCIES:
  - Nimble (~> 5.1.1)
  - OHHTTPStubs
  - OHHTTPStubs/Swift
  - Quick (~> 1.0.0)
  - reddift (~> 2.0.0)
  - RxBlocking (~> 3.0)
  - RxCocoa (~> 3.0)
  - RxSwift (~> 3.0)
  - RxTest (~> 3.0)

SPEC CHECKSUMS:
  Nimble: 415e3aa3267e7bc2c96b05fa814ddea7bb686a29
  OHHTTPStubs: e238cd5b66d8efa51c861db45895de8fe079f4a7
  Quick: 8024e4a47e6cc03a9d5245ef0948264fc6d27cff
  reddift: 5eef0cb08a07ed8ad9abdc4d007a127e84fb6f5d
  RxBlocking: 5de082d09d1ab45b49173f309f1a97d6b50f34c4
  RxCocoa: 15a52fc590dcc700cb4a690a633b5c5184ce3a78
  RxSwift: af5680055c4ad04480189c52d28385b1029493a6
  RxTest: 9867e6f3c435af30fbdb44b6d8ec30b78c40b515

PODFILE CHECKSUM: b511ca26c4e3fa96aa357c9bde178b3ad5467692

COCOAPODS: 1.1.1
