// !$*UTF8*$!
{
	archiveVersion = 1;
	classes = {
	};
	objectVersion = 46;
	objects = {

/* Begin PBXBuildFile section */
		8C1ECF8B1E1606200096F320 /* Localizable.strings in Resources */ = {isa = PBXBuildFile; fileRef = 8C1ECF8A1E1606200096F320 /* Localizable.strings */; };
		8C55C49F1E1193350047F4D3 /* SubredditsEndpointSpec_default_subreddits_short.json in Resources */ = {isa = PBXBuildFile; fileRef = 8C55C49E1E1193350047F4D3 /* SubredditsEndpointSpec_default_subreddits_short.json */; };
		8C55C4A51E11AF860047F4D3 /* SubredditsViewModel.swift in Sources */ = {isa = PBXBuildFile; fileRef = 8C55C4A41E11AF860047F4D3 /* SubredditsViewModel.swift */; };
		8C55C4A71E11B33F0047F4D3 /* SubredditCellViewModel.swift in Sources */ = {isa = PBXBuildFile; fileRef = 8C55C4A61E11B33F0047F4D3 /* SubredditCellViewModel.swift */; };
		8C55C4AA1E11C8C10047F4D3 /* R.generated.swift in Sources */ = {isa = PBXBuildFile; fileRef = 8C55C4A91E11C8C10047F4D3 /* R.generated.swift */; };
		8C55C4AC1E1214EE0047F4D3 /* Default-568h@2x.png in Resources */ = {isa = PBXBuildFile; fileRef = 8C55C4AB1E1214EE0047F4D3 /* Default-568h@2x.png */; };
		8C55C4B01E1215D00047F4D3 /* SubredditsView.xib in Resources */ = {isa = PBXBuildFile; fileRef = 8C55C4AF1E1215D00047F4D3 /* SubredditsView.xib */; };
		8C55C4B21E1218780047F4D3 /* SubredditCellView.xib in Resources */ = {isa = PBXBuildFile; fileRef = 8C55C4B11E1218780047F4D3 /* SubredditCellView.xib */; };
		8C81B2C11E131819005A8959 /* SubredditCell.swift in Sources */ = {isa = PBXBuildFile; fileRef = 8C81B2C01E131819005A8959 /* SubredditCell.swift */; };
		8C9BCEB91E0DDF6900A2F50E /* SubredditsViewController.swift in Sources */ = {isa = PBXBuildFile; fileRef = 8C9BCEB81E0DDF6900A2F50E /* SubredditsViewController.swift */; };
		8C9BCEBB1E0DE0DB00A2F50E /* SubredditsCoordinator.swift in Sources */ = {isa = PBXBuildFile; fileRef = 8C9BCEBA1E0DE0DB00A2F50E /* SubredditsCoordinator.swift */; };
		8C9BCEBD1E0DE3C800A2F50E /* AppCoordinator.swift in Sources */ = {isa = PBXBuildFile; fileRef = 8C9BCEBC1E0DE3C800A2F50E /* AppCoordinator.swift */; };
		8C9BCEBF1E0E2FE500A2F50E /* SubredditEndpoint.swift in Sources */ = {isa = PBXBuildFile; fileRef = 8C9BCEBE1E0E2FE500A2F50E /* SubredditEndpoint.swift */; };
		8C9BCEC21E0EEF4B00A2F50E /* SubredditEndpointSpec.swift in Sources */ = {isa = PBXBuildFile; fileRef = 8C9BCEC11E0EEF4B00A2F50E /* SubredditEndpointSpec.swift */; };
		8C9BCEC71E0F1CBD00A2F50E /* SubredditsEndpointSpec_default_subreddits.json in Resources */ = {isa = PBXBuildFile; fileRef = 8C9BCEC61E0F1CBD00A2F50E /* SubredditsEndpointSpec_default_subreddits.json */; };
		8CFFB0AD1E0DD8B8009FCF5B /* AppDelegate.swift in Sources */ = {isa = PBXBuildFile; fileRef = 8CFFB0AC1E0DD8B8009FCF5B /* AppDelegate.swift */; };
		8CFFB0B41E0DD8B8009FCF5B /* Assets.xcassets in Resources */ = {isa = PBXBuildFile; fileRef = 8CFFB0B31E0DD8B8009FCF5B /* Assets.xcassets */; };
		906353EDFD28585B7A0EDFCD /* Pods_NooshTests.framework in Frameworks */ = {isa = PBXBuildFile; fileRef = 196BC2A17E2CE2E7046EBA49 /* Pods_NooshTests.framework */; };
		B0F53F1DE967F35F5398255A /* Pods_Noosh.framework in Frameworks */ = {isa = PBXBuildFile; fileRef = F6B982718B7E1B2716BF010C /* Pods_Noosh.framework */; };
/* End PBXBuildFile section */

/* Begin PBXContainerItemProxy section */
		8CFFB0BE1E0DD8B8009FCF5B /* PBXContainerItemProxy */ = {
			isa = PBXContainerItemProxy;
			containerPortal = 8CFFB0A11E0DD8B8009FCF5B /* Project object */;
			proxyType = 1;
			remoteGlobalIDString = 8CFFB0A81E0DD8B8009FCF5B;
			remoteInfo = Noosh;
		};
/* End PBXContainerItemProxy section */

/* Begin PBXFileReference section */
		196BC2A17E2CE2E7046EBA49 /* Pods_NooshTests.framework */ = {isa = PBXFileReference; explicitFileType = wrapper.framework; includeInIndex = 0; path = Pods_NooshTests.framework; sourceTree = BUILT_PRODUCTS_DIR; };
		327D3DD28C777E3BD24233E3 /* Pods-NooshTests.debug.xcconfig */ = {isa = PBXFileReference; includeInIndex = 1; lastKnownFileType = text.xcconfig; name = "Pods-NooshTests.debug.xcconfig"; path = "Pods/Target Support Files/Pods-NooshTests/Pods-NooshTests.debug.xcconfig"; sourceTree = "<group>"; };
		8C1ECF8A1E1606200096F320 /* Localizable.strings */ = {isa = PBXFileReference; fileEncoding = 4; lastKnownFileType = text.plist.strings; path = Localizable.strings; sourceTree = "<group>"; };
		8C55C49E1E1193350047F4D3 /* SubredditsEndpointSpec_default_subreddits_short.json */ = {isa = PBXFileReference; fileEncoding = 4; lastKnownFileType = text.json; name = SubredditsEndpointSpec_default_subreddits_short.json; path = Fixtures/OHHTTPStubs/API/SubredditsEndpointSpec_default_subreddits_short.json; sourceTree = "<group>"; };
		8C55C4A41E11AF860047F4D3 /* SubredditsViewModel.swift */ = {isa = PBXFileReference; fileEncoding = 4; lastKnownFileType = sourcecode.swift; name = SubredditsViewModel.swift; path = Features/Subreddits/SubredditsViewModel.swift; sourceTree = "<group>"; };
		8C55C4A61E11B33F0047F4D3 /* SubredditCellViewModel.swift */ = {isa = PBXFileReference; fileEncoding = 4; lastKnownFileType = sourcecode.swift; name = SubredditCellViewModel.swift; path = Features/Subreddits/SubredditCellViewModel.swift; sourceTree = "<group>"; };
		8C55C4A91E11C8C10047F4D3 /* R.generated.swift */ = {isa = PBXFileReference; fileEncoding = 4; lastKnownFileType = sourcecode.swift; path = R.generated.swift; sourceTree = "<group>"; };
		8C55C4AB1E1214EE0047F4D3 /* Default-568h@2x.png */ = {isa = PBXFileReference; lastKnownFileType = image.png; path = "Default-568h@2x.png"; sourceTree = "<group>"; };
		8C55C4AF1E1215D00047F4D3 /* SubredditsView.xib */ = {isa = PBXFileReference; fileEncoding = 4; lastKnownFileType = file.xib; name = SubredditsView.xib; path = Features/Subreddits/SubredditsView.xib; sourceTree = "<group>"; };
		8C55C4B11E1218780047F4D3 /* SubredditCellView.xib */ = {isa = PBXFileReference; fileEncoding = 4; lastKnownFileType = file.xib; name = SubredditCellView.xib; path = Features/Subreddits/SubredditCellView.xib; sourceTree = "<group>"; };
		8C81B2C01E131819005A8959 /* SubredditCell.swift */ = {isa = PBXFileReference; fileEncoding = 4; lastKnownFileType = sourcecode.swift; name = SubredditCell.swift; path = Features/Subreddits/SubredditCell.swift; sourceTree = "<group>"; };
		8C9BCEB81E0DDF6900A2F50E /* SubredditsViewController.swift */ = {isa = PBXFileReference; fileEncoding = 4; lastKnownFileType = sourcecode.swift; name = SubredditsViewController.swift; path = Features/Subreddits/SubredditsViewController.swift; sourceTree = "<group>"; };
		8C9BCEBA1E0DE0DB00A2F50E /* SubredditsCoordinator.swift */ = {isa = PBXFileReference; fileEncoding = 4; lastKnownFileType = sourcecode.swift; name = SubredditsCoordinator.swift; path = Features/Subreddits/SubredditsCoordinator.swift; sourceTree = "<group>"; };
		8C9BCEBC1E0DE3C800A2F50E /* AppCoordinator.swift */ = {isa = PBXFileReference; fileEncoding = 4; lastKnownFileType = sourcecode.swift; path = AppCoordinator.swift; sourceTree = "<group>"; };
		8C9BCEBE1E0E2FE500A2F50E /* SubredditEndpoint.swift */ = {isa = PBXFileReference; fileEncoding = 4; lastKnownFileType = sourcecode.swift; name = SubredditEndpoint.swift; path = API/SubredditEndpoint.swift; sourceTree = "<group>"; };
		8C9BCEC11E0EEF4B00A2F50E /* SubredditEndpointSpec.swift */ = {isa = PBXFileReference; fileEncoding = 4; lastKnownFileType = sourcecode.swift; name = SubredditEndpointSpec.swift; path = API/SubredditEndpointSpec.swift; sourceTree = "<group>"; };
		8C9BCEC61E0F1CBD00A2F50E /* SubredditsEndpointSpec_default_subreddits.json */ = {isa = PBXFileReference; fileEncoding = 4; lastKnownFileType = text.json; name = SubredditsEndpointSpec_default_subreddits.json; path = Fixtures/OHHTTPStubs/API/SubredditsEndpointSpec_default_subreddits.json; sourceTree = "<group>"; };
		8CFFB0A91E0DD8B8009FCF5B /* Noosh.app */ = {isa = PBXFileReference; explicitFileType = wrapper.application; includeInIndex = 0; path = Noosh.app; sourceTree = BUILT_PRODUCTS_DIR; };
		8CFFB0AC1E0DD8B8009FCF5B /* AppDelegate.swift */ = {isa = PBXFileReference; lastKnownFileType = sourcecode.swift; path = AppDelegate.swift; sourceTree = "<group>"; };
		8CFFB0B31E0DD8B8009FCF5B /* Assets.xcassets */ = {isa = PBXFileReference; lastKnownFileType = folder.assetcatalog; path = Assets.xcassets; sourceTree = "<group>"; };
		8CFFB0B81E0DD8B8009FCF5B /* Info.plist */ = {isa = PBXFileReference; lastKnownFileType = text.plist.xml; path = Info.plist; sourceTree = "<group>"; };
		8CFFB0BD1E0DD8B8009FCF5B /* NooshTests.xctest */ = {isa = PBXFileReference; explicitFileType = wrapper.cfbundle; includeInIndex = 0; path = NooshTests.xctest; sourceTree = BUILT_PRODUCTS_DIR; };
		8CFFB0C31E0DD8B8009FCF5B /* Info.plist */ = {isa = PBXFileReference; lastKnownFileType = text.plist.xml; path = Info.plist; sourceTree = "<group>"; };
		B71709E6E301BCFF87C018EC /* Pods-Noosh.release.xcconfig */ = {isa = PBXFileReference; includeInIndex = 1; lastKnownFileType = text.xcconfig; name = "Pods-Noosh.release.xcconfig"; path = "Pods/Target Support Files/Pods-Noosh/Pods-Noosh.release.xcconfig"; sourceTree = "<group>"; };
		CD6791040639C98C9CB584A2 /* Pods-Noosh.debug.xcconfig */ = {isa = PBXFileReference; includeInIndex = 1; lastKnownFileType = text.xcconfig; name = "Pods-Noosh.debug.xcconfig"; path = "Pods/Target Support Files/Pods-Noosh/Pods-Noosh.debug.xcconfig"; sourceTree = "<group>"; };
		E08557FB66244E8A259EFD79 /* Pods-NooshTests.release.xcconfig */ = {isa = PBXFileReference; includeInIndex = 1; lastKnownFileType = text.xcconfig; name = "Pods-NooshTests.release.xcconfig"; path = "Pods/Target Support Files/Pods-NooshTests/Pods-NooshTests.release.xcconfig"; sourceTree = "<group>"; };
		F6B982718B7E1B2716BF010C /* Pods_Noosh.framework */ = {isa = PBXFileReference; explicitFileType = wrapper.framework; includeInIndex = 0; path = Pods_Noosh.framework; sourceTree = BUILT_PRODUCTS_DIR; };
/* End PBXFileReference section */

/* Begin PBXFrameworksBuildPhase section */
		8CFFB0A61E0DD8B8009FCF5B /* Frameworks */ = {
			isa = PBXFrameworksBuildPhase;
			buildActionMask = 2147483647;
			files = (
				B0F53F1DE967F35F5398255A /* Pods_Noosh.framework in Frameworks */,
			);
			runOnlyForDeploymentPostprocessing = 0;
		};
		8CFFB0BA1E0DD8B8009FCF5B /* Frameworks */ = {
			isa = PBXFrameworksBuildPhase;
			buildActionMask = 2147483647;
			files = (
				906353EDFD28585B7A0EDFCD /* Pods_NooshTests.framework in Frameworks */,
			);
			runOnlyForDeploymentPostprocessing = 0;
		};
/* End PBXFrameworksBuildPhase section */

/* Begin PBXGroup section */
		4BFCD41CCFA11BE03C434977 /* Pods */ = {
			isa = PBXGroup;
			children = (
				CD6791040639C98C9CB584A2 /* Pods-Noosh.debug.xcconfig */,
				B71709E6E301BCFF87C018EC /* Pods-Noosh.release.xcconfig */,
				327D3DD28C777E3BD24233E3 /* Pods-NooshTests.debug.xcconfig */,
				E08557FB66244E8A259EFD79 /* Pods-NooshTests.release.xcconfig */,
			);
			name = Pods;
			sourceTree = "<group>";
		};
		8C9BCEAC1E0DDD1000A2F50E /* API */ = {
			isa = PBXGroup;
			children = (
				8C9BCEBE1E0E2FE500A2F50E /* SubredditEndpoint.swift */,
			);
			name = API;
			sourceTree = "<group>";
		};
		8C9BCEAD1E0DDD4100A2F50E /* Features */ = {
			isa = PBXGroup;
			children = (
				8C9BCEAE1E0DDD5200A2F50E /* Subreddits */,
			);
			name = Features;
			sourceTree = "<group>";
		};
		8C9BCEAE1E0DDD5200A2F50E /* Subreddits */ = {
			isa = PBXGroup;
			children = (
				8C81B2C01E131819005A8959 /* SubredditCell.swift */,
				8C55C4B11E1218780047F4D3 /* SubredditCellView.xib */,
				8C55C4A61E11B33F0047F4D3 /* SubredditCellViewModel.swift */,
				8C9BCEBA1E0DE0DB00A2F50E /* SubredditsCoordinator.swift */,
				8C55C4AF1E1215D00047F4D3 /* SubredditsView.xib */,
				8C9BCEB81E0DDF6900A2F50E /* SubredditsViewController.swift */,
				8C55C4A41E11AF860047F4D3 /* SubredditsViewModel.swift */,
			);
			name = Subreddits;
			sourceTree = "<group>";
		};
		8C9BCEC01E0EEF2600A2F50E /* API */ = {
			isa = PBXGroup;
			children = (
				8C9BCEC11E0EEF4B00A2F50E /* SubredditEndpointSpec.swift */,
			);
			name = API;
			sourceTree = "<group>";
		};
		8C9BCEC31E0F03FC00A2F50E /* Fixtures */ = {
			isa = PBXGroup;
			children = (
				8C9BCEC41E0F040600A2F50E /* OHHTTPStubs */,
			);
			name = Fixtures;
			sourceTree = "<group>";
		};
		8C9BCEC41E0F040600A2F50E /* OHHTTPStubs */ = {
			isa = PBXGroup;
			children = (
				8C9BCEC51E0F1CB100A2F50E /* API */,
			);
			name = OHHTTPStubs;
			sourceTree = "<group>";
		};
		8C9BCEC51E0F1CB100A2F50E /* API */ = {
			isa = PBXGroup;
			children = (
				8C55C49E1E1193350047F4D3 /* SubredditsEndpointSpec_default_subreddits_short.json */,
				8C9BCEC61E0F1CBD00A2F50E /* SubredditsEndpointSpec_default_subreddits.json */,
			);
			name = API;
			sourceTree = "<group>";
		};
		8CFFB0A01E0DD8B8009FCF5B = {
			isa = PBXGroup;
			children = (
				8C55C4AB1E1214EE0047F4D3 /* Default-568h@2x.png */,
				8CFFB0AB1E0DD8B8009FCF5B /* Noosh */,
				8CFFB0C01E0DD8B8009FCF5B /* NooshTests */,
				8CFFB0AA1E0DD8B8009FCF5B /* Products */,
				4BFCD41CCFA11BE03C434977 /* Pods */,
				FA5A39594D40ABABA5A4F727 /* Frameworks */,
			);
			indentWidth = 2;
			sourceTree = "<group>";
			tabWidth = 2;
			usesTabs = 1;
		};
		8CFFB0AA1E0DD8B8009FCF5B /* Products */ = {
			isa = PBXGroup;
			children = (
				8CFFB0A91E0DD8B8009FCF5B /* Noosh.app */,
				8CFFB0BD1E0DD8B8009FCF5B /* NooshTests.xctest */,
			);
			name = Products;
			sourceTree = "<group>";
		};
		8CFFB0AB1E0DD8B8009FCF5B /* Noosh */ = {
			isa = PBXGroup;
			children = (
				8C9BCEAC1E0DDD1000A2F50E /* API */,
				8C9BCEAD1E0DDD4100A2F50E /* Features */,
				8C9BCEBC1E0DE3C800A2F50E /* AppCoordinator.swift */,
				8CFFB0AC1E0DD8B8009FCF5B /* AppDelegate.swift */,
				8CFFB0B31E0DD8B8009FCF5B /* Assets.xcassets */,
				8CFFB0B81E0DD8B8009FCF5B /* Info.plist */,
				8C1ECF8A1E1606200096F320 /* Localizable.strings */,
				8C55C4A91E11C8C10047F4D3 /* R.generated.swift */,
			);
			path = Noosh;
			sourceTree = "<group>";
		};
		8CFFB0C01E0DD8B8009FCF5B /* NooshTests */ = {
			isa = PBXGroup;
			children = (
				8C9BCEC31E0F03FC00A2F50E /* Fixtures */,
				8C9BCEC01E0EEF2600A2F50E /* API */,
				8CFFB0C31E0DD8B8009FCF5B /* Info.plist */,
			);
			path = NooshTests;
			sourceTree = "<group>";
		};
		FA5A39594D40ABABA5A4F727 /* Frameworks */ = {
			isa = PBXGroup;
			children = (
				F6B982718B7E1B2716BF010C /* Pods_Noosh.framework */,
				196BC2A17E2CE2E7046EBA49 /* Pods_NooshTests.framework */,
			);
			name = Frameworks;
			sourceTree = "<group>";
		};
/* End PBXGroup section */

/* Begin PBXNativeTarget section */
		8CFFB0A81E0DD8B8009FCF5B /* Noosh */ = {
			isa = PBXNativeTarget;
			buildConfigurationList = 8CFFB0C61E0DD8B8009FCF5B /* Build configuration list for PBXNativeTarget "Noosh" */;
			buildPhases = (
				51BBF089E1EC54A0DE13D010 /* [CP] Check Pods Manifest.lock */,
				8C55C4A81E11C7C90047F4D3 /* R.swift */,
				8CFFB0A51E0DD8B8009FCF5B /* Sources */,
				8CFFB0A61E0DD8B8009FCF5B /* Frameworks */,
				8CFFB0A71E0DD8B8009FCF5B /* Resources */,
				335D5BF27E40FF4873CB43DB /* [CP] Embed Pods Frameworks */,
				E7049E35A3D2C13F76CF2FB0 /* [CP] Copy Pods Resources */,
			);
			buildRules = (
			);
			dependencies = (
			);
			name = Noosh;
			productName = Noosh;
			productReference = 8CFFB0A91E0DD8B8009FCF5B /* Noosh.app */;
			productType = "com.apple.product-type.application";
		};
		8CFFB0BC1E0DD8B8009FCF5B /* NooshTests */ = {
			isa = PBXNativeTarget;
			buildConfigurationList = 8CFFB0C91E0DD8B8009FCF5B /* Build configuration list for PBXNativeTarget "NooshTests" */;
			buildPhases = (
				6EB170787759B00F24A995E4 /* [CP] Check Pods Manifest.lock */,
				8CFFB0B91E0DD8B8009FCF5B /* Sources */,
				8CFFB0BA1E0DD8B8009FCF5B /* Frameworks */,
				8CFFB0BB1E0DD8B8009FCF5B /* Resources */,
				1527AE1D5B7A37992D195D0D /* [CP] Embed Pods Frameworks */,
				B76FA423F9706BD3A94C12B6 /* [CP] Copy Pods Resources */,
			);
			buildRules = (
			);
			dependencies = (
				8CFFB0BF1E0DD8B8009FCF5B /* PBXTargetDependency */,
			);
			name = NooshTests;
			productName = NooshTests;
			productReference = 8CFFB0BD1E0DD8B8009FCF5B /* NooshTests.xctest */;
			productType = "com.apple.product-type.bundle.unit-test";
		};
/* End PBXNativeTarget section */

/* Begin PBXProject section */
		8CFFB0A11E0DD8B8009FCF5B /* Project object */ = {
			isa = PBXProject;
			attributes = {
				LastSwiftUpdateCheck = 0820;
				LastUpgradeCheck = 0820;
				ORGANIZATIONNAME = "Amos Chan";
				TargetAttributes = {
					8CFFB0A81E0DD8B8009FCF5B = {
						CreatedOnToolsVersion = 8.2.1;
						DevelopmentTeam = C974G5D47X;
						ProvisioningStyle = Automatic;
					};
					8CFFB0BC1E0DD8B8009FCF5B = {
						CreatedOnToolsVersion = 8.2.1;
						DevelopmentTeam = C974G5D47X;
						ProvisioningStyle = Automatic;
						TestTargetID = 8CFFB0A81E0DD8B8009FCF5B;
					};
				};
			};
			buildConfigurationList = 8CFFB0A41E0DD8B8009FCF5B /* Build configuration list for PBXProject "Noosh" */;
			compatibilityVersion = "Xcode 3.2";
			developmentRegion = English;
			hasScannedForEncodings = 0;
			knownRegions = (
				en,
				Base,
			);
			mainGroup = 8CFFB0A01E0DD8B8009FCF5B;
			productRefGroup = 8CFFB0AA1E0DD8B8009FCF5B /* Products */;
			projectDirPath = "";
			projectRoot = "";
			targets = (
				8CFFB0A81E0DD8B8009FCF5B /* Noosh */,
				8CFFB0BC1E0DD8B8009FCF5B /* NooshTests */,
			);
		};
/* End PBXProject section */

/* Begin PBXResourcesBuildPhase section */
		8CFFB0A71E0DD8B8009FCF5B /* Resources */ = {
			isa = PBXResourcesBuildPhase;
			buildActionMask = 2147483647;
			files = (
				8C1ECF8B1E1606200096F320 /* Localizable.strings in Resources */,
				8CFFB0B41E0DD8B8009FCF5B /* Assets.xcassets in Resources */,
				8C55C4B01E1215D00047F4D3 /* SubredditsView.xib in Resources */,
				8C55C4AC1E1214EE0047F4D3 /* Default-568h@2x.png in Resources */,
				8C55C4B21E1218780047F4D3 /* SubredditCellView.xib in Resources */,
			);
			runOnlyForDeploymentPostprocessing = 0;
		};
		8CFFB0BB1E0DD8B8009FCF5B /* Resources */ = {
			isa = PBXResourcesBuildPhase;
			buildActionMask = 2147483647;
			files = (
				8C55C49F1E1193350047F4D3 /* SubredditsEndpointSpec_default_subreddits_short.json in Resources */,
				8C9BCEC71E0F1CBD00A2F50E /* SubredditsEndpointSpec_default_subreddits.json in Resources */,
			);
			runOnlyForDeploymentPostprocessing = 0;
		};
/* End PBXResourcesBuildPhase section */

/* Begin PBXShellScriptBuildPhase section */
		1527AE1D5B7A37992D195D0D /* [CP] Embed Pods Frameworks */ = {
			isa = PBXShellScriptBuildPhase;
			buildActionMask = 2147483647;
			files = (
			);
			inputPaths = (
			);
			name = "[CP] Embed Pods Frameworks";
			outputPaths = (
			);
			runOnlyForDeploymentPostprocessing = 0;
			shellPath = /bin/sh;
			shellScript = "\"${SRCROOT}/Pods/Target Support Files/Pods-NooshTests/Pods-NooshTests-frameworks.sh\"\n";
			showEnvVarsInLog = 0;
		};
		335D5BF27E40FF4873CB43DB /* [CP] Embed Pods Frameworks */ = {
			isa = PBXShellScriptBuildPhase;
			buildActionMask = 2147483647;
			files = (
			);
			inputPaths = (
			);
			name = "[CP] Embed Pods Frameworks";
			outputPaths = (
			);
			runOnlyForDeploymentPostprocessing = 0;
			shellPath = /bin/sh;
			shellScript = "\"${SRCROOT}/Pods/Target Support Files/Pods-Noosh/Pods-Noosh-frameworks.sh\"\n";
			showEnvVarsInLog = 0;
		};
		51BBF089E1EC54A0DE13D010 /* [CP] Check Pods Manifest.lock */ = {
			isa = PBXShellScriptBuildPhase;
			buildActionMask = 2147483647;
			files = (
			);
			inputPaths = (
			);
			name = "[CP] Check Pods Manifest.lock";
			outputPaths = (
			);
			runOnlyForDeploymentPostprocessing = 0;
			shellPath = /bin/sh;
			shellScript = "diff \"${PODS_ROOT}/../Podfile.lock\" \"${PODS_ROOT}/Manifest.lock\" > /dev/null\nif [ $? != 0 ] ; then\n    # print error to STDERR\n    echo \"error: The sandbox is not in sync with the Podfile.lock. Run 'pod install' or update your CocoaPods installation.\" >&2\n    exit 1\nfi\n";
			showEnvVarsInLog = 0;
		};
		6EB170787759B00F24A995E4 /* [CP] Check Pods Manifest.lock */ = {
			isa = PBXShellScriptBuildPhase;
			buildActionMask = 2147483647;
			files = (
			);
			inputPaths = (
			);
			name = "[CP] Check Pods Manifest.lock";
			outputPaths = (
			);
			runOnlyForDeploymentPostprocessing = 0;
			shellPath = /bin/sh;
			shellScript = "diff \"${PODS_ROOT}/../Podfile.lock\" \"${PODS_ROOT}/Manifest.lock\" > /dev/null\nif [ $? != 0 ] ; then\n    # print error to STDERR\n    echo \"error: The sandbox is not in sync with the Podfile.lock. Run 'pod install' or update your CocoaPods installation.\" >&2\n    exit 1\nfi\n";
			showEnvVarsInLog = 0;
		};
		8C55C4A81E11C7C90047F4D3 /* R.swift */ = {
			isa = PBXShellScriptBuildPhase;
			buildActionMask = 2147483647;
			files = (
			);
			inputPaths = (
			);
			name = R.swift;
			outputPaths = (
			);
			runOnlyForDeploymentPostprocessing = 0;
			shellPath = /bin/sh;
			shellScript = "\"$PODS_ROOT/R.swift/rswift\" \"$SRCROOT/Noosh\"";
		};
		B76FA423F9706BD3A94C12B6 /* [CP] Copy Pods Resources */ = {
			isa = PBXShellScriptBuildPhase;
			buildActionMask = 2147483647;
			files = (
			);
			inputPaths = (
			);
			name = "[CP] Copy Pods Resources";
			outputPaths = (
			);
			runOnlyForDeploymentPostprocessing = 0;
			shellPath = /bin/sh;
			shellScript = "\"${SRCROOT}/Pods/Target Support Files/Pods-NooshTests/Pods-NooshTests-resources.sh\"\n";
			showEnvVarsInLog = 0;
		};
		E7049E35A3D2C13F76CF2FB0 /* [CP] Copy Pods Resources */ = {
			isa = PBXShellScriptBuildPhase;
			buildActionMask = 2147483647;
			files = (
			);
			inputPaths = (
			);
			name = "[CP] Copy Pods Resources";
			outputPaths = (
			);
			runOnlyForDeploymentPostprocessing = 0;
			shellPath = /bin/sh;
			shellScript = "\"${SRCROOT}/Pods/Target Support Files/Pods-Noosh/Pods-Noosh-resources.sh\"\n";
			showEnvVarsInLog = 0;
		};
/* End PBXShellScriptBuildPhase section */

/* Begin PBXSourcesBuildPhase section */
		8CFFB0A51E0DD8B8009FCF5B /* Sources */ = {
			isa = PBXSourcesBuildPhase;
			buildActionMask = 2147483647;
			files = (
				8C55C4A71E11B33F0047F4D3 /* SubredditCellViewModel.swift in Sources */,
				8C81B2C11E131819005A8959 /* SubredditCell.swift in Sources */,
				8C9BCEBD1E0DE3C800A2F50E /* AppCoordinator.swift in Sources */,
				8C9BCEBF1E0E2FE500A2F50E /* SubredditEndpoint.swift in Sources */,
				8C55C4AA1E11C8C10047F4D3 /* R.generated.swift in Sources */,
				8C9BCEB91E0DDF6900A2F50E /* SubredditsViewController.swift in Sources */,
				8C55C4A51E11AF860047F4D3 /* SubredditsViewModel.swift in Sources */,
				8CFFB0AD1E0DD8B8009FCF5B /* AppDelegate.swift in Sources */,
				8C9BCEBB1E0DE0DB00A2F50E /* SubredditsCoordinator.swift in Sources */,
			);
			runOnlyForDeploymentPostprocessing = 0;
		};
		8CFFB0B91E0DD8B8009FCF5B /* Sources */ = {
			isa = PBXSourcesBuildPhase;
			buildActionMask = 2147483647;
			files = (
				8C9BCEC21E0EEF4B00A2F50E /* SubredditEndpointSpec.swift in Sources */,
			);
			runOnlyForDeploymentPostprocessing = 0;
		};
/* End PBXSourcesBuildPhase section */

/* Begin PBXTargetDependency section */
		8CFFB0BF1E0DD8B8009FCF5B /* PBXTargetDependency */ = {
			isa = PBXTargetDependency;
			target = 8CFFB0A81E0DD8B8009FCF5B /* Noosh */;
			targetProxy = 8CFFB0BE1E0DD8B8009FCF5B /* PBXContainerItemProxy */;
		};
/* End PBXTargetDependency section */

/* Begin XCBuildConfiguration section */
		8CFFB0C41E0DD8B8009FCF5B /* Debug */ = {
			isa = XCBuildConfiguration;
			buildSettings = {
				ALWAYS_SEARCH_USER_PATHS = NO;
				CLANG_ANALYZER_NONNULL = YES;
				CLANG_CXX_LANGUAGE_STANDARD = "gnu++0x";
				CLANG_CXX_LIBRARY = "libc++";
				CLANG_ENABLE_MODULES = YES;
				CLANG_ENABLE_OBJC_ARC = YES;
				CLANG_WARN_BOOL_CONVERSION = YES;
				CLANG_WARN_CONSTANT_CONVERSION = YES;
				CLANG_WARN_DIRECT_OBJC_ISA_USAGE = YES_ERROR;
				CLANG_WARN_DOCUMENTATION_COMMENTS = YES;
				CLANG_WARN_EMPTY_BODY = YES;
				CLANG_WARN_ENUM_CONVERSION = YES;
				CLANG_WARN_INFINITE_RECURSION = YES;
				CLANG_WARN_INT_CONVERSION = YES;
				CLANG_WARN_OBJC_ROOT_CLASS = YES_ERROR;
				CLANG_WARN_SUSPICIOUS_MOVE = YES;
				CLANG_WARN_UNREACHABLE_CODE = YES;
				CLANG_WARN__DUPLICATE_METHOD_MATCH = YES;
				"CODE_SIGN_IDENTITY[sdk=iphoneos*]" = "iPhone Developer";
				COPY_PHASE_STRIP = NO;
				DEBUG_INFORMATION_FORMAT = dwarf;
				ENABLE_STRICT_OBJC_MSGSEND = YES;
				ENABLE_TESTABILITY = YES;
				GCC_C_LANGUAGE_STANDARD = gnu99;
				GCC_DYNAMIC_NO_PIC = NO;
				GCC_NO_COMMON_BLOCKS = YES;
				GCC_OPTIMIZATION_LEVEL = 0;
				GCC_PREPROCESSOR_DEFINITIONS = (
					"DEBUG=1",
					"$(inherited)",
				);
				GCC_WARN_64_TO_32_BIT_CONVERSION = YES;
				GCC_WARN_ABOUT_RETURN_TYPE = YES_ERROR;
				GCC_WARN_UNDECLARED_SELECTOR = YES;
				GCC_WARN_UNINITIALIZED_AUTOS = YES_AGGRESSIVE;
				GCC_WARN_UNUSED_FUNCTION = YES;
				GCC_WARN_UNUSED_VARIABLE = YES;
				IPHONEOS_DEPLOYMENT_TARGET = 10.2;
				MTL_ENABLE_DEBUG_INFO = YES;
				ONLY_ACTIVE_ARCH = YES;
				SDKROOT = iphoneos;
				SWIFT_ACTIVE_COMPILATION_CONDITIONS = DEBUG;
				SWIFT_OPTIMIZATION_LEVEL = "-Onone";
				TARGETED_DEVICE_FAMILY = "1,2";
			};
			name = Debug;
		};
		8CFFB0C51E0DD8B8009FCF5B /* Release */ = {
			isa = XCBuildConfiguration;
			buildSettings = {
				ALWAYS_SEARCH_USER_PATHS = NO;
				CLANG_ANALYZER_NONNULL = YES;
				CLANG_CXX_LANGUAGE_STANDARD = "gnu++0x";
				CLANG_CXX_LIBRARY = "libc++";
				CLANG_ENABLE_MODULES = YES;
				CLANG_ENABLE_OBJC_ARC = YES;
				CLANG_WARN_BOOL_CONVERSION = YES;
				CLANG_WARN_CONSTANT_CONVERSION = YES;
				CLANG_WARN_DIRECT_OBJC_ISA_USAGE = YES_ERROR;
				CLANG_WARN_DOCUMENTATION_COMMENTS = YES;
				CLANG_WARN_EMPTY_BODY = YES;
				CLANG_WARN_ENUM_CONVERSION = YES;
				CLANG_WARN_INFINITE_RECURSION = YES;
				CLANG_WARN_INT_CONVERSION = YES;
				CLANG_WARN_OBJC_ROOT_CLASS = YES_ERROR;
				CLANG_WARN_SUSPICIOUS_MOVE = YES;
				CLANG_WARN_UNREACHABLE_CODE = YES;
				CLANG_WARN__DUPLICATE_METHOD_MATCH = YES;
				"CODE_SIGN_IDENTITY[sdk=iphoneos*]" = "iPhone Developer";
				COPY_PHASE_STRIP = NO;
				DEBUG_INFORMATION_FORMAT = "dwarf-with-dsym";
				ENABLE_NS_ASSERTIONS = NO;
				ENABLE_STRICT_OBJC_MSGSEND = YES;
				GCC_C_LANGUAGE_STANDARD = gnu99;
				GCC_NO_COMMON_BLOCKS = YES;
				GCC_WARN_64_TO_32_BIT_CONVERSION = YES;
				GCC_WARN_ABOUT_RETURN_TYPE = YES_ERROR;
				GCC_WARN_UNDECLARED_SELECTOR = YES;
				GCC_WARN_UNINITIALIZED_AUTOS = YES_AGGRESSIVE;
				GCC_WARN_UNUSED_FUNCTION = YES;
				GCC_WARN_UNUSED_VARIABLE = YES;
				IPHONEOS_DEPLOYMENT_TARGET = 10.2;
				MTL_ENABLE_DEBUG_INFO = NO;
				SDKROOT = iphoneos;
				SWIFT_OPTIMIZATION_LEVEL = "-Owholemodule";
				TARGETED_DEVICE_FAMILY = "1,2";
				VALIDATE_PRODUCT = YES;
			};
			name = Release;
		};
		8CFFB0C71E0DD8B8009FCF5B /* Debug */ = {
			isa = XCBuildConfiguration;
			baseConfigurationReference = CD6791040639C98C9CB584A2 /* Pods-Noosh.debug.xcconfig */;
			buildSettings = {
				ASSETCATALOG_COMPILER_APPICON_NAME = AppIcon;
				DEVELOPMENT_TEAM = C974G5D47X;
				INFOPLIST_FILE = Noosh/Info.plist;
				IPHONEOS_DEPLOYMENT_TARGET = 9.0;
				LD_RUNPATH_SEARCH_PATHS = "$(inherited) @executable_path/Frameworks";
				PRODUCT_BUNDLE_IDENTIFIER = io.noosh.Noosh;
				PRODUCT_NAME = "$(TARGET_NAME)";
				SWIFT_VERSION = 3.0;
			};
			name = Debug;
		};
		8CFFB0C81E0DD8B8009FCF5B /* Release */ = {
			isa = XCBuildConfiguration;
			baseConfigurationReference = B71709E6E301BCFF87C018EC /* Pods-Noosh.release.xcconfig */;
			buildSettings = {
				ASSETCATALOG_COMPILER_APPICON_NAME = AppIcon;
				DEVELOPMENT_TEAM = C974G5D47X;
				INFOPLIST_FILE = Noosh/Info.plist;
				IPHONEOS_DEPLOYMENT_TARGET = 9.0;
				LD_RUNPATH_SEARCH_PATHS = "$(inherited) @executable_path/Frameworks";
				PRODUCT_BUNDLE_IDENTIFIER = io.noosh.Noosh;
				PRODUCT_NAME = "$(TARGET_NAME)";
				SWIFT_VERSION = 3.0;
			};
			name = Release;
		};
		8CFFB0CA1E0DD8B8009FCF5B /* Debug */ = {
			isa = XCBuildConfiguration;
			baseConfigurationReference = 327D3DD28C777E3BD24233E3 /* Pods-NooshTests.debug.xcconfig */;
			buildSettings = {
				ALWAYS_EMBED_SWIFT_STANDARD_LIBRARIES = YES;
				BUNDLE_LOADER = "$(TEST_HOST)";
				DEVELOPMENT_TEAM = C974G5D47X;
				INFOPLIST_FILE = NooshTests/Info.plist;
				LD_RUNPATH_SEARCH_PATHS = "$(inherited) @executable_path/Frameworks @loader_path/Frameworks";
				PRODUCT_BUNDLE_IDENTIFIER = io.noosh.NooshTests;
				PRODUCT_NAME = "$(TARGET_NAME)";
				SWIFT_VERSION = 3.0;
				TEST_HOST = "$(BUILT_PRODUCTS_DIR)/Noosh.app/Noosh";
			};
			name = Debug;
		};
		8CFFB0CB1E0DD8B8009FCF5B /* Release */ = {
			isa = XCBuildConfiguration;
			baseConfigurationReference = E08557FB66244E8A259EFD79 /* Pods-NooshTests.release.xcconfig */;
			buildSettings = {
				ALWAYS_EMBED_SWIFT_STANDARD_LIBRARIES = YES;
				BUNDLE_LOADER = "$(TEST_HOST)";
				DEVELOPMENT_TEAM = C974G5D47X;
				INFOPLIST_FILE = NooshTests/Info.plist;
				LD_RUNPATH_SEARCH_PATHS = "$(inherited) @executable_path/Frameworks @loader_path/Frameworks";
				PRODUCT_BUNDLE_IDENTIFIER = io.noosh.NooshTests;
				PRODUCT_NAME = "$(TARGET_NAME)";
				SWIFT_VERSION = 3.0;
				TEST_HOST = "$(BUILT_PRODUCTS_DIR)/Noosh.app/Noosh";
			};
			name = Release;
		};
/* End XCBuildConfiguration section */

/* Begin XCConfigurationList section */
		8CFFB0A41E0DD8B8009FCF5B /* Build configuration list for PBXProject "Noosh" */ = {
			isa = XCConfigurationList;
			buildConfigurations = (
				8CFFB0C41E0DD8B8009FCF5B /* Debug */,
				8CFFB0C51E0DD8B8009FCF5B /* Release */,
			);
			defaultConfigurationIsVisible = 0;
			defaultConfigurationName = Release;
		};
		8CFFB0C61E0DD8B8009FCF5B /* Build configuration list for PBXNativeTarget "Noosh" */ = {
			isa = XCConfigurationList;
			buildConfigurations = (
				8CFFB0C71E0DD8B8009FCF5B /* Debug */,
				8CFFB0C81E0DD8B8009FCF5B /* Release */,
			);
			defaultConfigurationIsVisible = 0;
			defaultConfigurationName = Release;
		};
		8CFFB0C91E0DD8B8009FCF5B /* Build configuration list for PBXNativeTarget "NooshTests" */ = {
			isa = XCConfigurationList;
			buildConfigurations = (
				8CFFB0CA1E0DD8B8009FCF5B /* Debug */,
				8CFFB0CB1E0DD8B8009FCF5B /* Release */,
			);
			defaultConfigurationIsVisible = 0;
			defaultConfigurationName = Release;
		};
/* End XCConfigurationList section */
	};
	rootObject = 8CFFB0A11E0DD8B8009FCF5B /* Project object */;
}
